
Microsoft Visual Studio Solution File, Format Version 12.00
# Visual Studio Version 16
VisualStudioVersion = 16.0.29920.165
MinimumVisualStudioVersion = 10.0.40219.1
Project("{FAE04EC0-301F-11D3-BF4B-00C04F79EFBC}") = "Delegate", "Delegate.csproj", "{AB828D51-9A7B-4801-BDB1-38861C3C2239}"
EndProject
Global
	GlobalSection(SolutionConfigurationPlatforms) = preSolution
		Debug|Any CPU = Debug|Any CPU
		Release|Any CPU = Release|Any CPU
	EndGlobalSection
	GlobalSection(ProjectConfigurationPlatforms) = postSolution
		{AB828D51-9A7B-4801-BDB1-38861C3C2239}.Debug|Any CPU.ActiveCfg = Debug|Any CPU
		{AB828D51-9A7B-4801-BDB1-38861C3C2239}.Debug|Any CPU.Build.0 = Debug|Any CPU
		{AB828D51-9A7B-4801-BDB1-38861C3C2239}.Release|Any CPU.ActiveCfg = Release|Any CPU
		{AB828D51-9A7B-4801-BDB1-38861C3C2239}.Release|Any CPU.Build.0 = Release|Any CPU
	EndGlobalSection
	GlobalSection(SolutionProperties) = preSolution
		HideSolutionNode = FALSE
	EndGlobalSection
	GlobalSection(ExtensibilityGlobals) = postSolution
		SolutionGuid = {599E6FC3-7841-4781-9FF0-CA6BECB44972}
	EndGlobalSection
EndGlobal
